dependencies:
  idf:
    source:
      type: idf
    version: 6.1.0
  wasm-micro-runtime:
    component_hash: e7a23b9581c6e5232c92d3595911231f0089ccb8e00406fe3ad4a344f1443633
    dependencies:
    - name: idf
      version: '>=4.4'
    source:
      git: https://github.com/darren-you/wasm-micro-runtime.git
      path: .
      type: git
    targets:
    - esp32
    - esp32s3
    - esp32c3
    - esp32c6
    - esp32p4
    - esp32c5
    version: a34d721b630213f59fde0b40cebbb980903660e8
direct_dependencies:
- idf
- wasm-micro-runtime
manifest_hash: 300d7a14c575cb8911387582b9475682721842032fa7e524fde72daf9ae58c8e
target: esp32c3
version: 3.0.0
